{
  "nodes": {
    "dfinity-sdk": {
      "flake": false,
      "locked": {
        "lastModified": 0,
        "narHash": "sha256-HEUMnJTFSyt3wbbTmVbsm9105U347p5SQbcjM+dc2Vs=",
        "path": "/nix/store/n2sb5yxwwzyd6vgx8hbhfbwq29j8n69i-source",
        "type": "path"
      },
      "original": {
        "path": "/nix/store/n2sb5yxwwzyd6vgx8hbhfbwq29j8n69i-source",
        "type": "path"
      }
    },
    "flake-utils": {
      "locked": {
        "lastModified": 1644229661,
        "narHash": "sha256-1YdnJAsNy69bpcjuoKdOYQX0YxZBiCYZo4Twxerqv7k=",
        "owner": "numtide",
        "repo": "flake-utils",
        "rev": "3cecb5b042f7f209c56ffd8371b2711a290ec797",
        "type": "github"
      },
      "original": {
        "owner": "numtide",
        "repo": "flake-utils",
        "type": "github"
      }
    },
    "nixpkgs": {
      "locked": {
        "lastModified": 1706281200,
        "narHash": "sha256-+X2OEDAMT7SqDcFOQNxTnq4CZxrfnhIImdcYhLO6/4w=",
        "owner": "nixos",
        "repo": "nixpkgs",
        "rev": "0debdf823accbf18954d868bc7f01e71a99aeaf5",
        "type": "github"
      },
      "original": {
        "owner": "nixos",
        "repo": "nixpkgs",
        "type": "github"
      }
    },
    "root": {
      "inputs": {
        "dfinity-sdk": "dfinity-sdk",
        "flake-utils": "flake-utils",
        "nixpkgs": "nixpkgs"
      }
    }
  },
  "root": "root",
  "version": 7
}
